
Microsoft Visual Studio Solution File, Format Version 12.00
# Visual Studio 15
VisualStudioVersion = 15.0.26430.6
MinimumVisualStudioVersion = 10.0.40219.1
Project("{F2A71F9B-5D33-465A-A702-920D77279786}") = "ConsoleApplication1", "ConsoleApplication1\ConsoleApplication1.fsproj", "{8080DC65-6FF7-48FF-A432-C3992E3BBE18}"
EndProject
Project("{F2A71F9B-5D33-465A-A702-920D77279786}") = "Library1", "Library1\Library1.fsproj", "{1148F645-D45E-49C5-90DF-03E24371769D}"
EndProject
Project("{2150E333-8FDC-42A3-9474-1A3956D46DE8}") = "NewFolder1", "NewFolder1", "{3A244E7C-0429-43FA-8E7C-2397C510F024}"
	ProjectSection(SolutionItems) = preProject
		SQLQuery1.sql = SQLQuery1.sql
	EndProjectSection
EndProject
Global
	GlobalSection(SolutionConfigurationPlatforms) = preSolution
		Debug|Any CPU = Debug|Any CPU
		Release|Any CPU = Release|Any CPU
	EndGlobalSection
	GlobalSection(ProjectConfigurationPlatforms) = postSolution
		{8080DC65-6FF7-48FF-A432-C3992E3BBE18}.Debug|Any CPU.ActiveCfg = Debug|Any CPU
		{8080DC65-6FF7-48FF-A432-C3992E3BBE18}.Debug|Any CPU.Build.0 = Debug|Any CPU
		{8080DC65-6FF7-48FF-A432-C3992E3BBE18}.Release|Any CPU.ActiveCfg = Release|Any CPU
		{8080DC65-6FF7-48FF-A432-C3992E3BBE18}.Release|Any CPU.Build.0 = Release|Any CPU
		{1148F645-D45E-49C5-90DF-03E24371769D}.Debug|Any CPU.ActiveCfg = Debug|Any CPU
		{1148F645-D45E-49C5-90DF-03E24371769D}.Debug|Any CPU.Build.0 = Debug|Any CPU
		{1148F645-D45E-49C5-90DF-03E24371769D}.Release|Any CPU.ActiveCfg = Release|Any CPU
		{1148F645-D45E-49C5-90DF-03E24371769D}.Release|Any CPU.Build.0 = Release|Any CPU
	EndGlobalSection
	GlobalSection(SolutionProperties) = preSolution
		HideSolutionNode = FALSE
	EndGlobalSection
EndGlobal
